
Microsoft Visual Studio Solution File, Format Version 12.00
# Visual Studio Version 17
VisualStudioVersion = 17.7.34221.43
MinimumVisualStudioVersion = 10.0.40219.1
Project("{D2ABAB84-BF74-430A-B69E-9DC6D40DDA17}") = "Group_137_LDS_cube", "Group_137_LDS_cube\Group_137_LDS_cube.dwproj", "{6CC57D02-9105-400E-A522-D1BC406AAFBC}"
EndProject
Global
	GlobalSection(SolutionConfigurationPlatforms) = preSolution
		Development|Default = Development|Default
	EndGlobalSection
	GlobalSection(ProjectConfigurationPlatforms) = postSolution
		{6CC57D02-9105-400E-A522-D1BC406AAFBC}.Development|Default.ActiveCfg = Development
		{6CC57D02-9105-400E-A522-D1BC406AAFBC}.Development|Default.Build.0 = Development
		{6CC57D02-9105-400E-A522-D1BC406AAFBC}.Development|Default.Deploy.0 = Development
	EndGlobalSection
	GlobalSection(SolutionProperties) = preSolution
		HideSolutionNode = FALSE
	EndGlobalSection
	GlobalSection(ExtensibilityGlobals) = postSolution
		SolutionGuid = {BF747C93-0436-45FC-B593-79F02692D9B1}
	EndGlobalSection
EndGlobal
